
Microsoft Visual Studio Solution File, Format Version 12.00
# Visual Studio 15
VisualStudioVersion = 15.0.28307.705
MinimumVisualStudioVersion = 10.0.40219.1
Project("{FAE04EC0-301F-11D3-BF4B-00C04F79EFBC}") = "E_Barangay", "E_Barangay\E_Barangay.csproj", "{EB2BF541-757C-4FD7-BFA9-F4C6022A556A}"
EndProject
Global
	GlobalSection(SolutionConfigurationPlatforms) = preSolution
		Debug|Any CPU = Debug|Any CPU
		Release|Any CPU = Release|Any CPU
	EndGlobalSection
	GlobalSection(ProjectConfigurationPlatforms) = postSolution
		{EB2BF541-757C-4FD7-BFA9-F4C6022A556A}.Debug|Any CPU.ActiveCfg = Debug|Any CPU
		{EB2BF541-757C-4FD7-BFA9-F4C6022A556A}.Debug|Any CPU.Build.0 = Debug|Any CPU
		{EB2BF541-757C-4FD7-BFA9-F4C6022A556A}.Release|Any CPU.ActiveCfg = Release|Any CPU
		{EB2BF541-757C-4FD7-BFA9-F4C6022A556A}.Release|Any CPU.Build.0 = Release|Any CPU
	EndGlobalSection
	GlobalSection(SolutionProperties) = preSolution
		HideSolutionNode = FALSE
	EndGlobalSection
	GlobalSection(ExtensibilityGlobals) = postSolution
		SolutionGuid = {1E8232CC-DC29-4E3C-AC0A-329D97F7E337}
	EndGlobalSection
EndGlobal
